
Microsoft Visual Studio Solution File, Format Version 12.00
# Visual Studio 15
VisualStudioVersion = 15.0.27703.2000
MinimumVisualStudioVersion = 10.0.40219.1
Project("{FAE04EC0-301F-11D3-BF4B-00C04F79EFBC}") = "WordUnscrambler", "WordUnscrambler\WordUnscrambler.csproj", "{510991D1-AACB-4E21-909B-28927F61775A}"
EndProject
Global
	GlobalSection(SolutionConfigurationPlatforms) = preSolution
		Debug|Any CPU = Debug|Any CPU
		Release|Any CPU = Release|Any CPU
	EndGlobalSection
	GlobalSection(ProjectConfigurationPlatforms) = postSolution
		{510991D1-AACB-4E21-909B-28927F61775A}.Debug|Any CPU.ActiveCfg = Debug|Any CPU
		{510991D1-AACB-4E21-909B-28927F61775A}.Debug|Any CPU.Build.0 = Debug|Any CPU
		{510991D1-AACB-4E21-909B-28927F61775A}.Release|Any CPU.ActiveCfg = Release|Any CPU
		{510991D1-AACB-4E21-909B-28927F61775A}.Release|Any CPU.Build.0 = Release|Any CPU
	EndGlobalSection
	GlobalSection(SolutionProperties) = preSolution
		HideSolutionNode = FALSE
	EndGlobalSection
	GlobalSection(ExtensibilityGlobals) = postSolution
		SolutionGuid = {057157D1-CB01-425D-BA79-4127A0A69A9F}
	EndGlobalSection
EndGlobal
